Microsoft Visual Studio Solution File, Format Version 12.00
# Visual Studio Version 17
VisualStudioVersion = 17.5.2.0
MinimumVisualStudioVersion = 10.0.40219.1
Project("{FAE04EC0-301F-11D3-BF4B-00C04F79EFBC}") = "Semana 4", "Semana 4.csproj", "{C2F2CB29-C9C1-5740-FB36-31B4C3DDAE8F}"
EndProject
Global
	GlobalSection(SolutionConfigurationPlatforms) = preSolution
		Debug|Any CPU = Debug|Any CPU
		Release|Any CPU = Release|Any CPU
	EndGlobalSection
	GlobalSection(ProjectConfigurationPlatforms) = postSolution
		{C2F2CB29-C9C1-5740-FB36-31B4C3DDAE8F}.Debug|Any CPU.ActiveCfg = Debug|Any CPU
		{C2F2CB29-C9C1-5740-FB36-31B4C3DDAE8F}.Debug|Any CPU.Build.0 = Debug|Any CPU
		{C2F2CB29-C9C1-5740-FB36-31B4C3DDAE8F}.Release|Any CPU.ActiveCfg = Release|Any CPU
		{C2F2CB29-C9C1-5740-FB36-31B4C3DDAE8F}.Release|Any CPU.Build.0 = Release|Any CPU
	EndGlobalSection
	GlobalSection(SolutionProperties) = preSolution
		HideSolutionNode = FALSE
	EndGlobalSection
	GlobalSection(ExtensibilityGlobals) = postSolution
		SolutionGuid = {D386231B-9BA4-4B51-ABC3-1A1EA4B46F83}
	EndGlobalSection
EndGlobal
